
Microsoft Visual Studio Solution File, Format Version 12.00
# Visual Studio 15
VisualStudioVersion = 15.0.27130.2026
MinimumVisualStudioVersion = 10.0.40219.1
Project("{9A19103F-16F7-4668-BE54-9A1E7A4F7556}") = "IOCConsole", "IOCConsole\IOCConsole.csproj", "{92640ECD-4010-486C-A15B-3FA0CDA69C12}"
EndProject
Project("{2150E333-8FDC-42A3-9474-1A3956D46DE8}") = "Day6IOC生命周期", "Day6IOC生命周期", "{BACFF47A-DFEB-45B9-8A61-A4EF47016CDE}"
EndProject
Project("{2150E333-8FDC-42A3-9474-1A3956D46DE8}") = "Day2自定义配置", "Day2自定义配置", "{3271F8E0-229A-47AC-9028-5C1C84C8F259}"
EndProject
Project("{2150E333-8FDC-42A3-9474-1A3956D46DE8}") = "Day7AOP切面拦截", "Day7AOP切面拦截", "{76F1B3F8-D444-43F4-A018-94B480B898E7}"
EndProject
Project("{9A19103F-16F7-4668-BE54-9A1E7A4F7556}") = "ConsoleApp1", "ConsoleApp1\ConsoleApp1.csproj", "{70C0A583-1F44-4FD5-AA15-6571AAA1A41F}"
EndProject
Project("{2150E333-8FDC-42A3-9474-1A3956D46DE8}") = "Day8MemoryCache", "Day8MemoryCache", "{074E49F2-7EB3-4DB7-BCC1-B0AEA139D545}"
EndProject
Project("{9A19103F-16F7-4668-BE54-9A1E7A4F7556}") = "ConsoleApp2", "ConsoleApp2\ConsoleApp2.csproj", "{7DF02FF8-74FB-407C-B088-55C001A07BA0}"
EndProject
Project("{2150E333-8FDC-42A3-9474-1A3956D46DE8}") = "Day9RedisMongoDB", "Day9RedisMongoDB", "{D3E346A0-C241-4DD0-BE24-D838D8111C7B}"
EndProject
Project("{9A19103F-16F7-4668-BE54-9A1E7A4F7556}") = "ConsoleAppRedis", "ConsoleAppRedis\ConsoleAppRedis.csproj", "{BB2C7E87-56D1-41F3-8BB0-7F548B79ADE6}"
EndProject
Project("{9A19103F-16F7-4668-BE54-9A1E7A4F7556}") = "MyConsole", "Day2\MyConsole\MyConsole.csproj", "{0C6D7D62-C565-40A1-B1EC-1CEA2869E0CE}"
EndProject
Project("{9A19103F-16F7-4668-BE54-9A1E7A4F7556}") = "ConsoleAppMongoDB", "ConsoleAppMongoDB\ConsoleAppMongoDB.csproj", "{A05E0362-E588-4150-B100-2A4CE44C9DC6}"
EndProject
Project("{2150E333-8FDC-42A3-9474-1A3956D46DE8}") = "Day10MysqlORM", "Day10MysqlORM", "{5717285A-BEDE-4673-86B4-61221D84715D}"
EndProject
Project("{9A19103F-16F7-4668-BE54-9A1E7A4F7556}") = "ConsoleAppMysqlData", "ConsoleAppMysqlData\ConsoleAppMysqlData.csproj", "{5ED7D499-A76B-438B-A948-FF7CCA0DCA01}"
EndProject
Project("{2150E333-8FDC-42A3-9474-1A3956D46DE8}") = "Day11", "Day11", "{34EA3CFB-FB8C-4D4E-8A24-0D3FE9DD737F}"
EndProject
Project("{9A19103F-16F7-4668-BE54-9A1E7A4F7556}") = "ConsoleAppDeploy", "ConsoleAppDeploy\ConsoleAppDeploy.csproj", "{2AEF19D7-6125-497E-9775-0177342A9E99}"
EndProject
Project("{9A19103F-16F7-4668-BE54-9A1E7A4F7556}") = "ClassLibrary.Common", "ClassLibrary.Common\ClassLibrary.Common.csproj", "{0A494129-791E-4BBD-9FE6-24448C3892D6}"
EndProject
Project("{2150E333-8FDC-42A3-9474-1A3956D46DE8}") = "Day13MySocket", "Day13MySocket", "{F9651037-1713-44B5-AE72-ECD22A339C97}"
EndProject
Project("{9A19103F-16F7-4668-BE54-9A1E7A4F7556}") = "ConsoleAppWebServer", "ConsoleAppWebServer\ConsoleAppWebServer.csproj", "{4096D3AD-F8AA-412D-9C32-BEBA06FEDA09}"
EndProject
Project("{2150E333-8FDC-42A3-9474-1A3956D46DE8}") = "Day14骨架四大部件", "Day14骨架四大部件", "{9643D396-2B33-4F14-9A57-2CB0912F8FF5}"
EndProject
Project("{9A19103F-16F7-4668-BE54-9A1E7A4F7556}") = "WebApplication1", "WebApplication1\WebApplication1.csproj", "{EDEDF9D0-0132-4CC9-951D-1D7F4A4C9E75}"
EndProject
Project("{2150E333-8FDC-42A3-9474-1A3956D46DE8}") = "Day15PipelineMiddleware", "Day15PipelineMiddleware", "{601DA3CE-EF6B-4740-A3AE-D79D99F0846A}"
EndProject
Project("{9A19103F-16F7-4668-BE54-9A1E7A4F7556}") = "WebApplicationPipeline", "WebApplicationPipeline\WebApplicationPipeline.csproj", "{A617AC8C-E1E2-45F6-879E-7CB524796CDD}"
EndProject
Project("{2150E333-8FDC-42A3-9474-1A3956D46DE8}") = "Day17ApplicationBuilder快捷方法", "Day17ApplicationBuilder快捷方法", "{AB69EC68-C744-48EE-8DBD-CFE6E1291CC0}"
EndProject
Project("{FAE04EC0-301F-11D3-BF4B-00C04F79EFBC}") = "ApplicationBuilderWeb", "ApplicationBuilderWeb\ApplicationBuilderWeb.csproj", "{31099CFF-404C-4FB6-9186-9967D89DBDEE}"
EndProject
Global
	GlobalSection(SolutionConfigurationPlatforms) = preSolution
		Debug|Any CPU = Debug|Any CPU
		Release|Any CPU = Release|Any CPU
	EndGlobalSection
	GlobalSection(ProjectConfigurationPlatforms) = postSolution
		{92640ECD-4010-486C-A15B-3FA0CDA69C12}.Debug|Any CPU.ActiveCfg = Debug|Any CPU
		{92640ECD-4010-486C-A15B-3FA0CDA69C12}.Debug|Any CPU.Build.0 = Debug|Any CPU
		{92640ECD-4010-486C-A15B-3FA0CDA69C12}.Release|Any CPU.ActiveCfg = Release|Any CPU
		{92640ECD-4010-486C-A15B-3FA0CDA69C12}.Release|Any CPU.Build.0 = Release|Any CPU
		{70C0A583-1F44-4FD5-AA15-6571AAA1A41F}.Debug|Any CPU.ActiveCfg = Debug|Any CPU
		{70C0A583-1F44-4FD5-AA15-6571AAA1A41F}.Debug|Any CPU.Build.0 = Debug|Any CPU
		{70C0A583-1F44-4FD5-AA15-6571AAA1A41F}.Release|Any CPU.ActiveCfg = Release|Any CPU
		{70C0A583-1F44-4FD5-AA15-6571AAA1A41F}.Release|Any CPU.Build.0 = Release|Any CPU
		{7DF02FF8-74FB-407C-B088-55C001A07BA0}.Debug|Any CPU.ActiveCfg = Debug|Any CPU
		{7DF02FF8-74FB-407C-B088-55C001A07BA0}.Debug|Any CPU.Build.0 = Debug|Any CPU
		{7DF02FF8-74FB-407C-B088-55C001A07BA0}.Release|Any CPU.ActiveCfg = Release|Any CPU
		{7DF02FF8-74FB-407C-B088-55C001A07BA0}.Release|Any CPU.Build.0 = Release|Any CPU
		{BB2C7E87-56D1-41F3-8BB0-7F548B79ADE6}.Debug|Any CPU.ActiveCfg = Debug|Any CPU
		{BB2C7E87-56D1-41F3-8BB0-7F548B79ADE6}.Debug|Any CPU.Build.0 = Debug|Any CPU
		{BB2C7E87-56D1-41F3-8BB0-7F548B79ADE6}.Release|Any CPU.ActiveCfg = Release|Any CPU
		{BB2C7E87-56D1-41F3-8BB0-7F548B79ADE6}.Release|Any CPU.Build.0 = Release|Any CPU
		{0C6D7D62-C565-40A1-B1EC-1CEA2869E0CE}.Debug|Any CPU.ActiveCfg = Debug|Any CPU
		{0C6D7D62-C565-40A1-B1EC-1CEA2869E0CE}.Debug|Any CPU.Build.0 = Debug|Any CPU
		{0C6D7D62-C565-40A1-B1EC-1CEA2869E0CE}.Release|Any CPU.ActiveCfg = Release|Any CPU
		{0C6D7D62-C565-40A1-B1EC-1CEA2869E0CE}.Release|Any CPU.Build.0 = Release|Any CPU
		{A05E0362-E588-4150-B100-2A4CE44C9DC6}.Debug|Any CPU.ActiveCfg = Debug|Any CPU
		{A05E0362-E588-4150-B100-2A4CE44C9DC6}.Debug|Any CPU.Build.0 = Debug|Any CPU
		{A05E0362-E588-4150-B100-2A4CE44C9DC6}.Release|Any CPU.ActiveCfg = Release|Any CPU
		{A05E0362-E588-4150-B100-2A4CE44C9DC6}.Release|Any CPU.Build.0 = Release|Any CPU
		{5ED7D499-A76B-438B-A948-FF7CCA0DCA01}.Debug|Any CPU.ActiveCfg = Debug|Any CPU
		{5ED7D499-A76B-438B-A948-FF7CCA0DCA01}.Debug|Any CPU.Build.0 = Debug|Any CPU
		{5ED7D499-A76B-438B-A948-FF7CCA0DCA01}.Release|Any CPU.ActiveCfg = Release|Any CPU
		{5ED7D499-A76B-438B-A948-FF7CCA0DCA01}.Release|Any CPU.Build.0 = Release|Any CPU
		{2AEF19D7-6125-497E-9775-0177342A9E99}.Debug|Any CPU.ActiveCfg = Debug|Any CPU
		{2AEF19D7-6125-497E-9775-0177342A9E99}.Debug|Any CPU.Build.0 = Debug|Any CPU
		{2AEF19D7-6125-497E-9775-0177342A9E99}.Release|Any CPU.ActiveCfg = Release|Any CPU
		{2AEF19D7-6125-497E-9775-0177342A9E99}.Release|Any CPU.Build.0 = Release|Any CPU
		{0A494129-791E-4BBD-9FE6-24448C3892D6}.Debug|Any CPU.ActiveCfg = Debug|Any CPU
		{0A494129-791E-4BBD-9FE6-24448C3892D6}.Debug|Any CPU.Build.0 = Debug|Any CPU
		{0A494129-791E-4BBD-9FE6-24448C3892D6}.Release|Any CPU.ActiveCfg = Release|Any CPU
		{0A494129-791E-4BBD-9FE6-24448C3892D6}.Release|Any CPU.Build.0 = Release|Any CPU
		{4096D3AD-F8AA-412D-9C32-BEBA06FEDA09}.Debug|Any CPU.ActiveCfg = Debug|Any CPU
		{4096D3AD-F8AA-412D-9C32-BEBA06FEDA09}.Debug|Any CPU.Build.0 = Debug|Any CPU
		{4096D3AD-F8AA-412D-9C32-BEBA06FEDA09}.Release|Any CPU.ActiveCfg = Release|Any CPU
		{4096D3AD-F8AA-412D-9C32-BEBA06FEDA09}.Release|Any CPU.Build.0 = Release|Any CPU
		{EDEDF9D0-0132-4CC9-951D-1D7F4A4C9E75}.Debug|Any CPU.ActiveCfg = Debug|Any CPU
		{EDEDF9D0-0132-4CC9-951D-1D7F4A4C9E75}.Debug|Any CPU.Build.0 = Debug|Any CPU
		{EDEDF9D0-0132-4CC9-951D-1D7F4A4C9E75}.Release|Any CPU.ActiveCfg = Release|Any CPU
		{EDEDF9D0-0132-4CC9-951D-1D7F4A4C9E75}.Release|Any CPU.Build.0 = Release|Any CPU
		{A617AC8C-E1E2-45F6-879E-7CB524796CDD}.Debug|Any CPU.ActiveCfg = Debug|Any CPU
		{A617AC8C-E1E2-45F6-879E-7CB524796CDD}.Debug|Any CPU.Build.0 = Debug|Any CPU
		{A617AC8C-E1E2-45F6-879E-7CB524796CDD}.Release|Any CPU.ActiveCfg = Release|Any CPU
		{A617AC8C-E1E2-45F6-879E-7CB524796CDD}.Release|Any CPU.Build.0 = Release|Any CPU
		{31099CFF-404C-4FB6-9186-9967D89DBDEE}.Debug|Any CPU.ActiveCfg = Debug|Any CPU
		{31099CFF-404C-4FB6-9186-9967D89DBDEE}.Debug|Any CPU.Build.0 = Debug|Any CPU
		{31099CFF-404C-4FB6-9186-9967D89DBDEE}.Release|Any CPU.ActiveCfg = Release|Any CPU
		{31099CFF-404C-4FB6-9186-9967D89DBDEE}.Release|Any CPU.Build.0 = Release|Any CPU
	EndGlobalSection
	GlobalSection(SolutionProperties) = preSolution
		HideSolutionNode = FALSE
	EndGlobalSection
	GlobalSection(NestedProjects) = preSolution
		{92640ECD-4010-486C-A15B-3FA0CDA69C12} = {BACFF47A-DFEB-45B9-8A61-A4EF47016CDE}
		{70C0A583-1F44-4FD5-AA15-6571AAA1A41F} = {76F1B3F8-D444-43F4-A018-94B480B898E7}
		{7DF02FF8-74FB-407C-B088-55C001A07BA0} = {074E49F2-7EB3-4DB7-BCC1-B0AEA139D545}
		{BB2C7E87-56D1-41F3-8BB0-7F548B79ADE6} = {D3E346A0-C241-4DD0-BE24-D838D8111C7B}
		{0C6D7D62-C565-40A1-B1EC-1CEA2869E0CE} = {3271F8E0-229A-47AC-9028-5C1C84C8F259}
		{A05E0362-E588-4150-B100-2A4CE44C9DC6} = {D3E346A0-C241-4DD0-BE24-D838D8111C7B}
		{5ED7D499-A76B-438B-A948-FF7CCA0DCA01} = {5717285A-BEDE-4673-86B4-61221D84715D}
		{2AEF19D7-6125-497E-9775-0177342A9E99} = {34EA3CFB-FB8C-4D4E-8A24-0D3FE9DD737F}
		{0A494129-791E-4BBD-9FE6-24448C3892D6} = {34EA3CFB-FB8C-4D4E-8A24-0D3FE9DD737F}
		{4096D3AD-F8AA-412D-9C32-BEBA06FEDA09} = {F9651037-1713-44B5-AE72-ECD22A339C97}
		{EDEDF9D0-0132-4CC9-951D-1D7F4A4C9E75} = {9643D396-2B33-4F14-9A57-2CB0912F8FF5}
		{A617AC8C-E1E2-45F6-879E-7CB524796CDD} = {601DA3CE-EF6B-4740-A3AE-D79D99F0846A}
		{31099CFF-404C-4FB6-9186-9967D89DBDEE} = {AB69EC68-C744-48EE-8DBD-CFE6E1291CC0}
	EndGlobalSection
	GlobalSection(ExtensibilityGlobals) = postSolution
		SolutionGuid = {4CCFCBEF-CC54-492B-B720-94904D846F7D}
	EndGlobalSection
EndGlobal
